
Microsoft Visual Studio Solution File, Format Version 12.00
# Visual Studio 15
VisualStudioVersion = 15.0.27004.2006
MinimumVisualStudioVersion = 10.0.40219.1
Project("{FAE04EC0-301F-11D3-BF4B-00C04F79EFBC}") = "MediaFilesManager.Android", "MediaFilesManager.Android\MediaFilesManager.Android.csproj", "{C0509F85-742C-466A-A34E-39B2A1165BC2}"
EndProject
Project("{FAE04EC0-301F-11D3-BF4B-00C04F79EFBC}") = "MediaFilesManager.iOS", "MediaFilesManager.iOS\MediaFilesManager.iOS.csproj", "{14EE01FF-ECC6-4B53-9770-F09E77CF8F3E}"
EndProject
Project("{9A19103F-16F7-4668-BE54-9A1E7A4F7556}") = "MediaFilesManager", "MediaFilesManager\MediaFilesManager.csproj", "{8087ABC8-599E-46CC-AEDD-E66A4EF40B26}"
EndProject
Project("{9A19103F-16F7-4668-BE54-9A1E7A4F7556}") = "MediaFilesManager.Abstractions", "MediaFilesManager.Abstractions\MediaFilesManager.Abstractions.csproj", "{B5BAC99B-BF9B-4752-B590-7BFE4168DF10}"
EndProject
Project("{2150E333-8FDC-42A3-9474-1A3956D46DE8}") = "Solution Items", "Solution Items", "{BB7C8914-2E09-4D2C-9EEB-E57AB1AF8C48}"
	ProjectSection(SolutionItems) = preProject
		MediaFilesManager.nuspec = MediaFilesManager.nuspec
	EndProjectSection
EndProject
Global
	GlobalSection(SolutionConfigurationPlatforms) = preSolution
		Ad-Hoc|Any CPU = Ad-Hoc|Any CPU
		Ad-Hoc|iPhone = Ad-Hoc|iPhone
		Ad-Hoc|iPhoneSimulator = Ad-Hoc|iPhoneSimulator
		AppStore|Any CPU = AppStore|Any CPU
		AppStore|iPhone = AppStore|iPhone
		AppStore|iPhoneSimulator = AppStore|iPhoneSimulator
		Debug|Any CPU = Debug|Any CPU
		Debug|iPhone = Debug|iPhone
		Debug|iPhoneSimulator = Debug|iPhoneSimulator
		Release|Any CPU = Release|Any CPU
		Release|iPhone = Release|iPhone
		Release|iPhoneSimulator = Release|iPhoneSimulator
	EndGlobalSection
	GlobalSection(ProjectConfigurationPlatforms) = postSolution
		{C0509F85-742C-466A-A34E-39B2A1165BC2}.Ad-Hoc|Any CPU.ActiveCfg = Release|Any CPU
		{C0509F85-742C-466A-A34E-39B2A1165BC2}.Ad-Hoc|Any CPU.Build.0 = Release|Any CPU
		{C0509F85-742C-466A-A34E-39B2A1165BC2}.Ad-Hoc|iPhone.ActiveCfg = Release|Any CPU
		{C0509F85-742C-466A-A34E-39B2A1165BC2}.Ad-Hoc|iPhone.Build.0 = Release|Any CPU
		{C0509F85-742C-466A-A34E-39B2A1165BC2}.Ad-Hoc|iPhoneSimulator.ActiveCfg = Release|Any CPU
		{C0509F85-742C-466A-A34E-39B2A1165BC2}.Ad-Hoc|iPhoneSimulator.Build.0 = Release|Any CPU
		{C0509F85-742C-466A-A34E-39B2A1165BC2}.AppStore|Any CPU.ActiveCfg = Release|Any CPU
		{C0509F85-742C-466A-A34E-39B2A1165BC2}.AppStore|Any CPU.Build.0 = Release|Any CPU
		{C0509F85-742C-466A-A34E-39B2A1165BC2}.AppStore|iPhone.ActiveCfg = Release|Any CPU
		{C0509F85-742C-466A-A34E-39B2A1165BC2}.AppStore|iPhone.Build.0 = Release|Any CPU
		{C0509F85-742C-466A-A34E-39B2A1165BC2}.AppStore|iPhoneSimulator.ActiveCfg = Release|Any CPU
		{C0509F85-742C-466A-A34E-39B2A1165BC2}.AppStore|iPhoneSimulator.Build.0 = Release|Any CPU
		{C0509F85-742C-466A-A34E-39B2A1165BC2}.Debug|Any CPU.ActiveCfg = Debug|Any CPU
		{C0509F85-742C-466A-A34E-39B2A1165BC2}.Debug|Any CPU.Build.0 = Debug|Any CPU
		{C0509F85-742C-466A-A34E-39B2A1165BC2}.Debug|iPhone.ActiveCfg = Debug|Any CPU
		{C0509F85-742C-466A-A34E-39B2A1165BC2}.Debug|iPhone.Build.0 = Debug|Any CPU
		{C0509F85-742C-466A-A34E-39B2A1165BC2}.Debug|iPhoneSimulator.ActiveCfg = Debug|Any CPU
		{C0509F85-742C-466A-A34E-39B2A1165BC2}.Debug|iPhoneSimulator.Build.0 = Debug|Any CPU
		{C0509F85-742C-466A-A34E-39B2A1165BC2}.Release|Any CPU.ActiveCfg = Release|Any CPU
		{C0509F85-742C-466A-A34E-39B2A1165BC2}.Release|Any CPU.Build.0 = Release|Any CPU
		{C0509F85-742C-466A-A34E-39B2A1165BC2}.Release|iPhone.ActiveCfg = Release|Any CPU
		{C0509F85-742C-466A-A34E-39B2A1165BC2}.Release|iPhone.Build.0 = Release|Any CPU
		{C0509F85-742C-466A-A34E-39B2A1165BC2}.Release|iPhoneSimulator.ActiveCfg = Release|Any CPU
		{C0509F85-742C-466A-A34E-39B2A1165BC2}.Release|iPhoneSimulator.Build.0 = Release|Any CPU
		{14EE01FF-ECC6-4B53-9770-F09E77CF8F3E}.Ad-Hoc|Any CPU.ActiveCfg = Release|Any CPU
		{14EE01FF-ECC6-4B53-9770-F09E77CF8F3E}.Ad-Hoc|Any CPU.Build.0 = Release|Any CPU
		{14EE01FF-ECC6-4B53-9770-F09E77CF8F3E}.Ad-Hoc|iPhone.ActiveCfg = Release|Any CPU
		{14EE01FF-ECC6-4B53-9770-F09E77CF8F3E}.Ad-Hoc|iPhone.Build.0 = Release|Any CPU
		{14EE01FF-ECC6-4B53-9770-F09E77CF8F3E}.Ad-Hoc|iPhoneSimulator.ActiveCfg = Release|Any CPU
		{14EE01FF-ECC6-4B53-9770-F09E77CF8F3E}.Ad-Hoc|iPhoneSimulator.Build.0 = Release|Any CPU
		{14EE01FF-ECC6-4B53-9770-F09E77CF8F3E}.AppStore|Any CPU.ActiveCfg = Release|Any CPU
		{14EE01FF-ECC6-4B53-9770-F09E77CF8F3E}.AppStore|Any CPU.Build.0 = Release|Any CPU
		{14EE01FF-ECC6-4B53-9770-F09E77CF8F3E}.AppStore|iPhone.ActiveCfg = Release|Any CPU
		{14EE01FF-ECC6-4B53-9770-F09E77CF8F3E}.AppStore|iPhone.Build.0 = Release|Any CPU
		{14EE01FF-ECC6-4B53-9770-F09E77CF8F3E}.AppStore|iPhoneSimulator.ActiveCfg = Release|Any CPU
		{14EE01FF-ECC6-4B53-9770-F09E77CF8F3E}.AppStore|iPhoneSimulator.Build.0 = Release|Any CPU
		{14EE01FF-ECC6-4B53-9770-F09E77CF8F3E}.Debug|Any CPU.ActiveCfg = Debug|Any CPU
		{14EE01FF-ECC6-4B53-9770-F09E77CF8F3E}.Debug|Any CPU.Build.0 = Debug|Any CPU
		{14EE01FF-ECC6-4B53-9770-F09E77CF8F3E}.Debug|iPhone.ActiveCfg = Debug|Any CPU
		{14EE01FF-ECC6-4B53-9770-F09E77CF8F3E}.Debug|iPhone.Build.0 = Debug|Any CPU
		{14EE01FF-ECC6-4B53-9770-F09E77CF8F3E}.Debug|iPhoneSimulator.ActiveCfg = Debug|Any CPU
		{14EE01FF-ECC6-4B53-9770-F09E77CF8F3E}.Debug|iPhoneSimulator.Build.0 = Debug|Any CPU
		{14EE01FF-ECC6-4B53-9770-F09E77CF8F3E}.Release|Any CPU.ActiveCfg = Release|Any CPU
		{14EE01FF-ECC6-4B53-9770-F09E77CF8F3E}.Release|Any CPU.Build.0 = Release|Any CPU
		{14EE01FF-ECC6-4B53-9770-F09E77CF8F3E}.Release|iPhone.ActiveCfg = Release|Any CPU
		{14EE01FF-ECC6-4B53-9770-F09E77CF8F3E}.Release|iPhone.Build.0 = Release|Any CPU
		{14EE01FF-ECC6-4B53-9770-F09E77CF8F3E}.Release|iPhoneSimulator.ActiveCfg = Release|Any CPU
		{14EE01FF-ECC6-4B53-9770-F09E77CF8F3E}.Release|iPhoneSimulator.Build.0 = Release|Any CPU
		{8087ABC8-599E-46CC-AEDD-E66A4EF40B26}.Ad-Hoc|Any CPU.ActiveCfg = Debug|Any CPU
		{8087ABC8-599E-46CC-AEDD-E66A4EF40B26}.Ad-Hoc|Any CPU.Build.0 = Debug|Any CPU
		{8087ABC8-599E-46CC-AEDD-E66A4EF40B26}.Ad-Hoc|iPhone.ActiveCfg = Debug|Any CPU
		{8087ABC8-599E-46CC-AEDD-E66A4EF40B26}.Ad-Hoc|iPhone.Build.0 = Debug|Any CPU
		{8087ABC8-599E-46CC-AEDD-E66A4EF40B26}.Ad-Hoc|iPhoneSimulator.ActiveCfg = Debug|Any CPU
		{8087ABC8-599E-46CC-AEDD-E66A4EF40B26}.Ad-Hoc|iPhoneSimulator.Build.0 = Debug|Any CPU
		{8087ABC8-599E-46CC-AEDD-E66A4EF40B26}.AppStore|Any CPU.ActiveCfg = Debug|Any CPU
		{8087ABC8-599E-46CC-AEDD-E66A4EF40B26}.AppStore|Any CPU.Build.0 = Debug|Any CPU
		{8087ABC8-599E-46CC-AEDD-E66A4EF40B26}.AppStore|iPhone.ActiveCfg = Debug|Any CPU
		{8087ABC8-599E-46CC-AEDD-E66A4EF40B26}.AppStore|iPhone.Build.0 = Debug|Any CPU
		{8087ABC8-599E-46CC-AEDD-E66A4EF40B26}.AppStore|iPhoneSimulator.ActiveCfg = Debug|Any CPU
		{8087ABC8-599E-46CC-AEDD-E66A4EF40B26}.AppStore|iPhoneSimulator.Build.0 = Debug|Any CPU
		{8087ABC8-599E-46CC-AEDD-E66A4EF40B26}.Debug|Any CPU.ActiveCfg = Debug|Any CPU
		{8087ABC8-599E-46CC-AEDD-E66A4EF40B26}.Debug|Any CPU.Build.0 = Debug|Any CPU
		{8087ABC8-599E-46CC-AEDD-E66A4EF40B26}.Debug|iPhone.ActiveCfg = Debug|Any CPU
		{8087ABC8-599E-46CC-AEDD-E66A4EF40B26}.Debug|iPhone.Build.0 = Debug|Any CPU
		{8087ABC8-599E-46CC-AEDD-E66A4EF40B26}.Debug|iPhoneSimulator.ActiveCfg = Debug|Any CPU
		{8087ABC8-599E-46CC-AEDD-E66A4EF40B26}.Debug|iPhoneSimulator.Build.0 = Debug|Any CPU
		{8087ABC8-599E-46CC-AEDD-E66A4EF40B26}.Release|Any CPU.ActiveCfg = Release|Any CPU
		{8087ABC8-599E-46CC-AEDD-E66A4EF40B26}.Release|Any CPU.Build.0 = Release|Any CPU
		{8087ABC8-599E-46CC-AEDD-E66A4EF40B26}.Release|iPhone.ActiveCfg = Release|Any CPU
		{8087ABC8-599E-46CC-AEDD-E66A4EF40B26}.Release|iPhone.Build.0 = Release|Any CPU
		{8087ABC8-599E-46CC-AEDD-E66A4EF40B26}.Release|iPhoneSimulator.ActiveCfg = Release|Any CPU
		{8087ABC8-599E-46CC-AEDD-E66A4EF40B26}.Release|iPhoneSimulator.Build.0 = Release|Any CPU
		{B5BAC99B-BF9B-4752-B590-7BFE4168DF10}.Ad-Hoc|Any CPU.ActiveCfg = Debug|Any CPU
		{B5BAC99B-BF9B-4752-B590-7BFE4168DF10}.Ad-Hoc|Any CPU.Build.0 = Debug|Any CPU
		{B5BAC99B-BF9B-4752-B590-7BFE4168DF10}.Ad-Hoc|iPhone.ActiveCfg = Debug|Any CPU
		{B5BAC99B-BF9B-4752-B590-7BFE4168DF10}.Ad-Hoc|iPhone.Build.0 = Debug|Any CPU
		{B5BAC99B-BF9B-4752-B590-7BFE4168DF10}.Ad-Hoc|iPhoneSimulator.ActiveCfg = Debug|Any CPU
		{B5BAC99B-BF9B-4752-B590-7BFE4168DF10}.Ad-Hoc|iPhoneSimulator.Build.0 = Debug|Any CPU
		{B5BAC99B-BF9B-4752-B590-7BFE4168DF10}.AppStore|Any CPU.ActiveCfg = Debug|Any CPU
		{B5BAC99B-BF9B-4752-B590-7BFE4168DF10}.AppStore|Any CPU.Build.0 = Debug|Any CPU
		{B5BAC99B-BF9B-4752-B590-7BFE4168DF10}.AppStore|iPhone.ActiveCfg = Debug|Any CPU
		{B5BAC99B-BF9B-4752-B590-7BFE4168DF10}.AppStore|iPhone.Build.0 = Debug|Any CPU
		{B5BAC99B-BF9B-4752-B590-7BFE4168DF10}.AppStore|iPhoneSimulator.ActiveCfg = Debug|Any CPU
		{B5BAC99B-BF9B-4752-B590-7BFE4168DF10}.AppStore|iPhoneSimulator.Build.0 = Debug|Any CPU
		{B5BAC99B-BF9B-4752-B590-7BFE4168DF10}.Debug|Any CPU.ActiveCfg = Debug|Any CPU
		{B5BAC99B-BF9B-4752-B590-7BFE4168DF10}.Debug|Any CPU.Build.0 = Debug|Any CPU
		{B5BAC99B-BF9B-4752-B590-7BFE4168DF10}.Debug|iPhone.ActiveCfg = Debug|Any CPU
		{B5BAC99B-BF9B-4752-B590-7BFE4168DF10}.Debug|iPhone.Build.0 = Debug|Any CPU
		{B5BAC99B-BF9B-4752-B590-7BFE4168DF10}.Debug|iPhoneSimulator.ActiveCfg = Debug|Any CPU
		{B5BAC99B-BF9B-4752-B590-7BFE4168DF10}.Debug|iPhoneSimulator.Build.0 = Debug|Any CPU
		{B5BAC99B-BF9B-4752-B590-7BFE4168DF10}.Release|Any CPU.ActiveCfg = Release|Any CPU
		{B5BAC99B-BF9B-4752-B590-7BFE4168DF10}.Release|Any CPU.Build.0 = Release|Any CPU
		{B5BAC99B-BF9B-4752-B590-7BFE4168DF10}.Release|iPhone.ActiveCfg = Release|Any CPU
		{B5BAC99B-BF9B-4752-B590-7BFE4168DF10}.Release|iPhone.Build.0 = Release|Any CPU
		{B5BAC99B-BF9B-4752-B590-7BFE4168DF10}.Release|iPhoneSimulator.ActiveCfg = Release|Any CPU
		{B5BAC99B-BF9B-4752-B590-7BFE4168DF10}.Release|iPhoneSimulator.Build.0 = Release|Any CPU
	EndGlobalSection
	GlobalSection(SolutionProperties) = preSolution
		HideSolutionNode = FALSE
	EndGlobalSection
	GlobalSection(ExtensibilityGlobals) = postSolution
		SolutionGuid = {5135674A-0C11-4C22-8316-5A5335D1F71D}
	EndGlobalSection
EndGlobal
